// !$*UTF8*$!
{
	archiveVersion = 1;
	classes = {
	};
	objectVersion = 50;
	objects = {

/* Begin PBXBuildFile section */
		6A43E99F24DE9EEB00042391 /* AppDelegate.swift in Sources */ = {isa = PBXBuildFile; fileRef = 6A43E99E24DE9EEB00042391 /* AppDelegate.swift */; };
		6A43E9A124DE9EEB00042391 /* SceneDelegate.swift in Sources */ = {isa = PBXBuildFile; fileRef = 6A43E9A024DE9EEB00042391 /* SceneDelegate.swift */; };
		6A43E9A324DE9EEB00042391 /* HomeViewController.swift in Sources */ = {isa = PBXBuildFile; fileRef = 6A43E9A224DE9EEB00042391 /* HomeViewController.swift */; };
		6A43E9A624DE9EEB00042391 /* Main.storyboard in Resources */ = {isa = PBXBuildFile; fileRef = 6A43E9A424DE9EEB00042391 /* Main.storyboard */; };
		6A43E9A924DE9EEB00042391 /* CoreDataSample.xcdatamodeld in Sources */ = {isa = PBXBuildFile; fileRef = 6A43E9A724DE9EEB00042391 /* CoreDataSample.xcdatamodeld */; };
		6A43E9AB24DE9EEC00042391 /* Assets.xcassets in Resources */ = {isa = PBXBuildFile; fileRef = 6A43E9AA24DE9EEC00042391 /* Assets.xcassets */; };
		6A43E9AE24DE9EEC00042391 /* LaunchScreen.storyboard in Resources */ = {isa = PBXBuildFile; fileRef = 6A43E9AC24DE9EEC00042391 /* LaunchScreen.storyboard */; };
		6A43E9B624DE9F2800042391 /* DBManager.swift in Sources */ = {isa = PBXBuildFile; fileRef = 6A43E9B524DE9F2800042391 /* DBManager.swift */; };
		6A43E9C124DEA0E500042391 /* Student+CoreDataClass.swift in Sources */ = {isa = PBXBuildFile; fileRef = 6A43E9BF24DEA0E500042391 /* Student+CoreDataClass.swift */; };
		6A43E9C224DEA0E500042391 /* Student+CoreDataProperties.swift in Sources */ = {isa = PBXBuildFile; fileRef = 6A43E9C024DEA0E500042391 /* Student+CoreDataProperties.swift */; };
		6A43E9C424DEA6B600042391 /* StudentTableViewCell.swift in Sources */ = {isa = PBXBuildFile; fileRef = 6A43E9C324DEA6B600042391 /* StudentTableViewCell.swift */; };
		6A43E9C724DEA8E100042391 /* User+CoreDataClass.swift in Sources */ = {isa = PBXBuildFile; fileRef = 6A43E9C524DEA8E100042391 /* User+CoreDataClass.swift */; };
		6A43E9C824DEA8E100042391 /* User+CoreDataProperties.swift in Sources */ = {isa = PBXBuildFile; fileRef = 6A43E9C624DEA8E100042391 /* User+CoreDataProperties.swift */; };
/* End PBXBuildFile section */

/* Begin PBXFileReference section */
		6A43E99B24DE9EEB00042391 /* CoreDataSample.app */ = {isa = PBXFileReference; explicitFileType = wrapper.application; includeInIndex = 0; path = CoreDataSample.app; sourceTree = BUILT_PRODUCTS_DIR; };
		6A43E99E24DE9EEB00042391 /* AppDelegate.swift */ = {isa = PBXFileReference; lastKnownFileType = sourcecode.swift; path = AppDelegate.swift; sourceTree = "<group>"; };
		6A43E9A024DE9EEB00042391 /* SceneDelegate.swift */ = {isa = PBXFileReference; lastKnownFileType = sourcecode.swift; path = SceneDelegate.swift; sourceTree = "<group>"; };
		6A43E9A224DE9EEB00042391 /* HomeViewController.swift */ = {isa = PBXFileReference; lastKnownFileType = sourcecode.swift; path = HomeViewController.swift; sourceTree = "<group>"; };
		6A43E9A524DE9EEB00042391 /* Base */ = {isa = PBXFileReference; lastKnownFileType = file.storyboard; name = Base; path = Base.lproj/Main.storyboard; sourceTree = "<group>"; };
		6A43E9A824DE9EEB00042391 /* CoreDataSample.xcdatamodel */ = {isa = PBXFileReference; lastKnownFileType = wrapper.xcdatamodel; path = CoreDataSample.xcdatamodel; sourceTree = "<group>"; };
		6A43E9AA24DE9EEC00042391 /* Assets.xcassets */ = {isa = PBXFileReference; lastKnownFileType = folder.assetcatalog; path = Assets.xcassets; sourceTree = "<group>"; };
		6A43E9AD24DE9EEC00042391 /* Base */ = {isa = PBXFileReference; lastKnownFileType = file.storyboard; name = Base; path = Base.lproj/LaunchScreen.storyboard; sourceTree = "<group>"; };
		6A43E9AF24DE9EEC00042391 /* Info.plist */ = {isa = PBXFileReference; lastKnownFileType = text.plist.xml; path = Info.plist; sourceTree = "<group>"; };
		6A43E9B524DE9F2800042391 /* DBManager.swift */ = {isa = PBXFileReference; lastKnownFileType = sourcecode.swift; path = DBManager.swift; sourceTree = "<group>"; };
		6A43E9BF24DEA0E500042391 /* Student+CoreDataClass.swift */ = {isa = PBXFileReference; lastKnownFileType = sourcecode.swift; path = "Student+CoreDataClass.swift"; sourceTree = SOURCE_ROOT; };
		6A43E9C024DEA0E500042391 /* Student+CoreDataProperties.swift */ = {isa = PBXFileReference; lastKnownFileType = sourcecode.swift; path = "Student+CoreDataProperties.swift"; sourceTree = SOURCE_ROOT; };
		6A43E9C324DEA6B600042391 /* StudentTableViewCell.swift */ = {isa = PBXFileReference; lastKnownFileType = sourcecode.swift; path = StudentTableViewCell.swift; sourceTree = "<group>"; };
		6A43E9C524DEA8E100042391 /* User+CoreDataClass.swift */ = {isa = PBXFileReference; lastKnownFileType = sourcecode.swift; path = "User+CoreDataClass.swift"; sourceTree = SOURCE_ROOT; };
		6A43E9C624DEA8E100042391 /* User+CoreDataProperties.swift */ = {isa = PBXFileReference; lastKnownFileType = sourcecode.swift; path = "User+CoreDataProperties.swift"; sourceTree = SOURCE_ROOT; };
/* End PBXFileReference section */

/* Begin PBXFrameworksBuildPhase section */
		6A43E99824DE9EEB00042391 /* Frameworks */ = {
			isa = PBXFrameworksBuildPhase;
			buildActionMask = 2147483647;
			files = (
			);
			runOnlyForDeploymentPostprocessing = 0;
		};
/* End PBXFrameworksBuildPhase section */

/* Begin PBXGroup section */
		6A43E99224DE9EEB00042391 = {
			isa = PBXGroup;
			children = (
				6A43E99D24DE9EEB00042391 /* CoreDataSample */,
				6A43E99C24DE9EEB00042391 /* Products */,
			);
			sourceTree = "<group>";
		};
		6A43E99C24DE9EEB00042391 /* Products */ = {
			isa = PBXGroup;
			children = (
				6A43E99B24DE9EEB00042391 /* CoreDataSample.app */,
			);
			name = Products;
			sourceTree = "<group>";
		};
		6A43E99D24DE9EEB00042391 /* CoreDataSample */ = {
			isa = PBXGroup;
			children = (
				6A43E9C524DEA8E100042391 /* User+CoreDataClass.swift */,
				6A43E9C624DEA8E100042391 /* User+CoreDataProperties.swift */,
				6A43E9BF24DEA0E500042391 /* Student+CoreDataClass.swift */,
				6A43E9C024DEA0E500042391 /* Student+CoreDataProperties.swift */,
				6A43E99E24DE9EEB00042391 /* AppDelegate.swift */,
				6A43E9A024DE9EEB00042391 /* SceneDelegate.swift */,
				6A43E9A224DE9EEB00042391 /* HomeViewController.swift */,
				6A43E9C324DEA6B600042391 /* StudentTableViewCell.swift */,
				6A43E9B524DE9F2800042391 /* DBManager.swift */,
				6A43E9A424DE9EEB00042391 /* Main.storyboard */,
				6A43E9AA24DE9EEC00042391 /* Assets.xcassets */,
				6A43E9AC24DE9EEC00042391 /* LaunchScreen.storyboard */,
				6A43E9AF24DE9EEC00042391 /* Info.plist */,
				6A43E9A724DE9EEB00042391 /* CoreDataSample.xcdatamodeld */,
			);
			path = CoreDataSample;
			sourceTree = "<group>";
		};
/* End PBXGroup section */

/* Begin PBXNativeTarget section */
		6A43E99A24DE9EEB00042391 /* CoreDataSample */ = {
			isa = PBXNativeTarget;
			buildConfigurationList = 6A43E9B224DE9EEC00042391 /* Build configuration list for PBXNativeTarget "CoreDataSample" */;
			buildPhases = (
				6A43E99724DE9EEB00042391 /* Sources */,
				6A43E99824DE9EEB00042391 /* Frameworks */,
				6A43E99924DE9EEB00042391 /* Resources */,
			);
			buildRules = (
			);
			dependencies = (
			);
			name = CoreDataSample;
			productName = CoreDataSample;
			productReference = 6A43E99B24DE9EEB00042391 /* CoreDataSample.app */;
			productType = "com.apple.product-type.application";
		};
/* End PBXNativeTarget section */

/* Begin PBXProject section */
		6A43E99324DE9EEB00042391 /* Project object */ = {
			isa = PBXProject;
			attributes = {
				LastSwiftUpdateCheck = 1160;
				LastUpgradeCheck = 1160;
				ORGANIZATIONNAME = "Murali Yarramsetti";
				TargetAttributes = {
					6A43E99A24DE9EEB00042391 = {
						CreatedOnToolsVersion = 11.6;
					};
				};
			};
			buildConfigurationList = 6A43E99624DE9EEB00042391 /* Build configuration list for PBXProject "CoreDataSample" */;
			compatibilityVersion = "Xcode 9.3";
			developmentRegion = en;
			hasScannedForEncodings = 0;
			knownRegions = (
				en,
				Base,
			);
			mainGroup = 6A43E99224DE9EEB00042391;
			productRefGroup = 6A43E99C24DE9EEB00042391 /* Products */;
			projectDirPath = "";
			projectRoot = "";
			targets = (
				6A43E99A24DE9EEB00042391 /* CoreDataSample */,
			);
		};
/* End PBXProject section */

/* Begin PBXResourcesBuildPhase section */
		6A43E99924DE9EEB00042391 /* Resources */ = {
			isa = PBXResourcesBuildPhase;
			buildActionMask = 2147483647;
			files = (
				6A43E9AE24DE9EEC00042391 /* LaunchScreen.storyboard in Resources */,
				6A43E9AB24DE9EEC00042391 /* Assets.xcassets in Resources */,
				6A43E9A624DE9EEB00042391 /* Main.storyboard in Resources */,
			);
			runOnlyForDeploymentPostprocessing = 0;
		};
/* End PBXResourcesBuildPhase section */

/* Begin PBXSourcesBuildPhase section */
		6A43E99724DE9EEB00042391 /* Sources */ = {
			isa = PBXSourcesBuildPhase;
			buildActionMask = 2147483647;
			files = (
				6A43E9B624DE9F2800042391 /* DBManager.swift in Sources */,
				6A43E9C124DEA0E500042391 /* Student+CoreDataClass.swift in Sources */,
				6A43E9A924DE9EEB00042391 /* CoreDataSample.xcdatamodeld in Sources */,
				6A43E9A324DE9EEB00042391 /* HomeViewController.swift in Sources */,
				6A43E99F24DE9EEB00042391 /* AppDelegate.swift in Sources */,
				6A43E9C724DEA8E100042391 /* User+CoreDataClass.swift in Sources */,
				6A43E9A124DE9EEB00042391 /* SceneDelegate.swift in Sources */,
				6A43E9C224DEA0E500042391 /* Student+CoreDataProperties.swift in Sources */,
				6A43E9C824DEA8E100042391 /* User+CoreDataProperties.swift in Sources */,
				6A43E9C424DEA6B600042391 /* StudentTableViewCell.swift in Sources */,
			);
			runOnlyForDeploymentPostprocessing = 0;
		};
/* End PBXSourcesBuildPhase section */

/* Begin PBXVariantGroup section */
		6A43E9A424DE9EEB00042391 /* Main.storyboard */ = {
			isa = PBXVariantGroup;
			children = (
				6A43E9A524DE9EEB00042391 /* Base */,
			);
			name = Main.storyboard;
			sourceTree = "<group>";
		};
		6A43E9AC24DE9EEC00042391 /* LaunchScreen.storyboard */ = {
			isa = PBXVariantGroup;
			children = (
				6A43E9AD24DE9EEC00042391 /* Base */,
			);
			name = LaunchScreen.storyboard;
			sourceTree = "<group>";
		};
/* End PBXVariantGroup section */

/* Begin XCBuildConfiguration section */
		6A43E9B024DE9EEC00042391 /* Debug */ = {
			isa = XCBuildConfiguration;
			buildSettings = {
				ALWAYS_SEARCH_USER_PATHS = NO;
				CLANG_ANALYZER_NONNULL = YES;
				CLANG_ANALYZER_NUMBER_OBJECT_CONVERSION = YES_AGGRESSIVE;
				CLANG_CXX_LANGUAGE_STANDARD = "gnu++14";
				CLANG_CXX_LIBRARY = "libc++";
				CLANG_ENABLE_MODULES = YES;
				CLANG_ENABLE_OBJC_ARC = YES;
				CLANG_ENABLE_OBJC_WEAK = YES;
				CLANG_WARN_BLOCK_CAPTURE_AUTORELEASING = YES;
				CLANG_WARN_BOOL_CONVERSION = YES;
				CLANG_WARN_COMMA = YES;
				CLANG_WARN_CONSTANT_CONVERSION = YES;
				CLANG_WARN_DEPRECATED_OBJC_IMPLEMENTATIONS = YES;
				CLANG_WARN_DIRECT_OBJC_ISA_USAGE = YES_ERROR;
				CLANG_WARN_DOCUMENTATION_COMMENTS = YES;
				CLANG_WARN_EMPTY_BODY = YES;
				CLANG_WARN_ENUM_CONVERSION = YES;
				CLANG_WARN_INFINITE_RECURSION = YES;
				CLANG_WARN_INT_CONVERSION = YES;
				CLANG_WARN_NON_LITERAL_NULL_CONVERSION = YES;
				CLANG_WARN_OBJC_IMPLICIT_RETAIN_SELF = YES;
				CLANG_WARN_OBJC_LITERAL_CONVERSION = YES;
				CLANG_WARN_OBJC_ROOT_CLASS = YES_ERROR;
				CLANG_WARN_RANGE_LOOP_ANALYSIS = YES;
				CLANG_WARN_STRICT_PROTOTYPES = YES;
				CLANG_WARN_SUSPICIOUS_MOVE = YES;
				CLANG_WARN_UNGUARDED_AVAILABILITY = YES_AGGRESSIVE;
				CLANG_WARN_UNREACHABLE_CODE = YES;
				CLANG_WARN__DUPLICATE_METHOD_MATCH = YES;
				COPY_PHASE_STRIP = NO;
				DEBUG_INFORMATION_FORMAT = dwarf;
				ENABLE_STRICT_OBJC_MSGSEND = YES;
				ENABLE_TESTABILITY = YES;
				GCC_C_LANGUAGE_STANDARD = gnu11;
				GCC_DYNAMIC_NO_PIC = NO;
				GCC_NO_COMMON_BLOCKS = YES;
				GCC_OPTIMIZATION_LEVEL = 0;
				GCC_PREPROCESSOR_DEFINITIONS = (
					"DEBUG=1",
					"$(inherited)",
				);
				GCC_WARN_64_TO_32_BIT_CONVERSION = YES;
				GCC_WARN_ABOUT_RETURN_TYPE = YES_ERROR;
				GCC_WARN_UNDECLARED_SELECTOR = YES;
				GCC_WARN_UNINITIALIZED_AUTOS = YES_AGGRESSIVE;
				GCC_WARN_UNUSED_FUNCTION = YES;
				GCC_WARN_UNUSED_VARIABLE = YES;
				IPHONEOS_DEPLOYMENT_TARGET = 13.6;
				MTL_ENABLE_DEBUG_INFO = INCLUDE_SOURCE;
				MTL_FAST_MATH = YES;
				ONLY_ACTIVE_ARCH = YES;
				SDKROOT = iphoneos;
				SWIFT_ACTIVE_COMPILATION_CONDITIONS = DEBUG;
				SWIFT_OPTIMIZATION_LEVEL = "-Onone";
			};
			name = Debug;
		};
		6A43E9B124DE9EEC00042391 /* Release */ = {
			isa = XCBuildConfiguration;
			buildSettings = {
				ALWAYS_SEARCH_USER_PATHS = NO;
				CLANG_ANALYZER_NONNULL = YES;
				CLANG_ANALYZER_NUMBER_OBJECT_CONVERSION = YES_AGGRESSIVE;
				CLANG_CXX_LANGUAGE_STANDARD = "gnu++14";
				CLANG_CXX_LIBRARY = "libc++";
				CLANG_ENABLE_MODULES = YES;
				CLANG_ENABLE_OBJC_ARC = YES;
				CLANG_ENABLE_OBJC_WEAK = YES;
				CLANG_WARN_BLOCK_CAPTURE_AUTORELEASING = YES;
				CLANG_WARN_BOOL_CONVERSION = YES;
				CLANG_WARN_COMMA = YES;
				CLANG_WARN_CONSTANT_CONVERSION = YES;
				CLANG_WARN_DEPRECATED_OBJC_IMPLEMENTATIONS = YES;
				CLANG_WARN_DIRECT_OBJC_ISA_USAGE = YES_ERROR;
				CLANG_WARN_DOCUMENTATION_COMMENTS = YES;
				CLANG_WARN_EMPTY_BODY = YES;
				CLANG_WARN_ENUM_CONVERSION = YES;
				CLANG_WARN_INFINITE_RECURSION = YES;
				CLANG_WARN_INT_CONVERSION = YES;
				CLANG_WARN_NON_LITERAL_NULL_CONVERSION = YES;
				CLANG_WARN_OBJC_IMPLICIT_RETAIN_SELF = YES;
				CLANG_WARN_OBJC_LITERAL_CONVERSION = YES;
				CLANG_WARN_OBJC_ROOT_CLASS = YES_ERROR;
				CLANG_WARN_RANGE_LOOP_ANALYSIS = YES;
				CLANG_WARN_STRICT_PROTOTYPES = YES;
				CLANG_WARN_SUSPICIOUS_MOVE = YES;
				CLANG_WARN_UNGUARDED_AVAILABILITY = YES_AGGRESSIVE;
				CLANG_WARN_UNREACHABLE_CODE = YES;
				CLANG_WARN__DUPLICATE_METHOD_MATCH = YES;
				COPY_PHASE_STRIP = NO;
				DEBUG_INFORMATION_FORMAT = "dwarf-with-dsym";
				ENABLE_NS_ASSERTIONS = NO;
				ENABLE_STRICT_OBJC_MSGSEND = YES;
				GCC_C_LANGUAGE_STANDARD = gnu11;
				GCC_NO_COMMON_BLOCKS = YES;
				GCC_WARN_64_TO_32_BIT_CONVERSION = YES;
				GCC_WARN_ABOUT_RETURN_TYPE = YES_ERROR;
				GCC_WARN_UNDECLARED_SELECTOR = YES;
				GCC_WARN_UNINITIALIZED_AUTOS = YES_AGGRESSIVE;
				GCC_WARN_UNUSED_FUNCTION = YES;
				GCC_WARN_UNUSED_VARIABLE = YES;
				IPHONEOS_DEPLOYMENT_TARGET = 13.6;
				MTL_ENABLE_DEBUG_INFO = NO;
				MTL_FAST_MATH = YES;
				SDKROOT = iphoneos;
				SWIFT_COMPILATION_MODE = wholemodule;
				SWIFT_OPTIMIZATION_LEVEL = "-O";
				VALIDATE_PRODUCT = YES;
			};
			name = Release;
		};
		6A43E9B324DE9EEC00042391 /* Debug */ = {
			isa = XCBuildConfiguration;
			buildSettings = {
				ASSETCATALOG_COMPILER_APPICON_NAME = AppIcon;
				CODE_SIGN_STYLE = Automatic;
				DEVELOPMENT_TEAM = W8V4ADA9G2;
				INFOPLIST_FILE = CoreDataSample/Info.plist;
				LD_RUNPATH_SEARCH_PATHS = (
					"$(inherited)",
					"@executable_path/Frameworks",
				);
				PRODUCT_BUNDLE_IDENTIFIER = com..CoreDataSample;
				PRODUCT_NAME = "$(TARGET_NAME)";
				SWIFT_VERSION = 5.0;
				TARGETED_DEVICE_FAMILY = "1,2";
			};
			name = Debug;
		};
		6A43E9B424DE9EEC00042391 /* Release */ = {
			isa = XCBuildConfiguration;
			buildSettings = {
				ASSETCATALOG_COMPILER_APPICON_NAME = AppIcon;
				CODE_SIGN_STYLE = Automatic;
				DEVELOPMENT_TEAM = W8V4ADA9G2;
				INFOPLIST_FILE = CoreDataSample/Info.plist;
				LD_RUNPATH_SEARCH_PATHS = (
					"$(inherited)",
					"@executable_path/Frameworks",
				);
				PRODUCT_BUNDLE_IDENTIFIER = com..CoreDataSample;
				PRODUCT_NAME = "$(TARGET_NAME)";
				SWIFT_VERSION = 5.0;
				TARGETED_DEVICE_FAMILY = "1,2";
			};
			name = Release;
		};
/* End XCBuildConfiguration section */

/* Begin XCConfigurationList section */
		6A43E99624DE9EEB00042391 /* Build configuration list for PBXProject "CoreDataSample" */ = {
			isa = XCConfigurationList;
			buildConfigurations = (
				6A43E9B024DE9EEC00042391 /* Debug */,
				6A43E9B124DE9EEC00042391 /* Release */,
			);
			defaultConfigurationIsVisible = 0;
			defaultConfigurationName = Release;
		};
		6A43E9B224DE9EEC00042391 /* Build configuration list for PBXNativeTarget "CoreDataSample" */ = {
			isa = XCConfigurationList;
			buildConfigurations = (
				6A43E9B324DE9EEC00042391 /* Debug */,
				6A43E9B424DE9EEC00042391 /* Release */,
			);
			defaultConfigurationIsVisible = 0;
			defaultConfigurationName = Release;
		};
/* End XCConfigurationList section */

/* Begin XCVersionGroup section */
		6A43E9A724DE9EEB00042391 /* CoreDataSample.xcdatamodeld */ = {
			isa = XCVersionGroup;
			children = (
				6A43E9A824DE9EEB00042391 /* CoreDataSample.xcdatamodel */,
			);
			currentVersion = 6A43E9A824DE9EEB00042391 /* CoreDataSample.xcdatamodel */;
			path = CoreDataSample.xcdatamodeld;
			sourceTree = "<group>";
			versionGroupType = wrapper.xcdatamodel;
		};
/* End XCVersionGroup section */
	};
	rootObject = 6A43E99324DE9EEB00042391 /* Project object */;
}
